
Microsoft Visual Studio Solution File, Format Version 12.00
# Visual Studio Version 17
VisualStudioVersion = 17.1.32421.90
MinimumVisualStudioVersion = 10.0.40219.1
Project("{9A19103F-16F7-4668-BE54-9A1E7A4F7556}") = "Algorithms", "Leetcode\Algorithms.csproj", "{0582049A-97F8-444D-A572-6579ADD31DE5}"
EndProject
Global
	GlobalSection(SolutionConfigurationPlatforms) = preSolution
		Debug|Any CPU = Debug|Any CPU
		Release|Any CPU = Release|Any CPU
	EndGlobalSection
	GlobalSection(ProjectConfigurationPlatforms) = postSolution
		{0582049A-97F8-444D-A572-6579ADD31DE5}.Debug|Any CPU.ActiveCfg = Debug|Any CPU
		{0582049A-97F8-444D-A572-6579ADD31DE5}.Debug|Any CPU.Build.0 = Debug|Any CPU
		{0582049A-97F8-444D-A572-6579ADD31DE5}.Release|Any CPU.ActiveCfg = Release|Any CPU
		{0582049A-97F8-444D-A572-6579ADD31DE5}.Release|Any CPU.Build.0 = Release|Any CPU
	EndGlobalSection
	GlobalSection(SolutionProperties) = preSolution
		HideSolutionNode = FALSE
	EndGlobalSection
	GlobalSection(ExtensibilityGlobals) = postSolution
		SolutionGuid = {4FA81402-827A-4034-A8AD-C614D3F44119}
	EndGlobalSection
EndGlobal
